
Microsoft Visual Studio Solution File, Format Version 12.00
# Visual Studio Version 17
VisualStudioVersion = 17.6.33815.320
MinimumVisualStudioVersion = 10.0.40219.1
Project("{FAE04EC0-301F-11D3-BF4B-00C04F79EFBC}") = "kalkulatorpertemuan1", "kalkulatorpertemuan1\kalkulatorpertemuan1.csproj", "{F8EEBFC1-52E5-413E-ACA5-63F4A4310919}"
EndProject
Global
	GlobalSection(SolutionConfigurationPlatforms) = preSolution
		Debug|Any CPU = Debug|Any CPU
		Release|Any CPU = Release|Any CPU
	EndGlobalSection
	GlobalSection(ProjectConfigurationPlatforms) = postSolution
		{F8EEBFC1-52E5-413E-ACA5-63F4A4310919}.Debug|Any CPU.ActiveCfg = Debug|Any CPU
		{F8EEBFC1-52E5-413E-ACA5-63F4A4310919}.Debug|Any CPU.Build.0 = Debug|Any CPU
		{F8EEBFC1-52E5-413E-ACA5-63F4A4310919}.Release|Any CPU.ActiveCfg = Release|Any CPU
		{F8EEBFC1-52E5-413E-ACA5-63F4A4310919}.Release|Any CPU.Build.0 = Release|Any CPU
	EndGlobalSection
	GlobalSection(SolutionProperties) = preSolution
		HideSolutionNode = FALSE
	EndGlobalSection
	GlobalSection(ExtensibilityGlobals) = postSolution
		SolutionGuid = {6D273BBC-726D-4BBA-A193-D5573C3D795A}
	EndGlobalSection
EndGlobal
